// !$*UTF8*$!
{
	archiveVersion = 1;
	classes = {
	};
	objectVersion = 46;
	objects = {

/* Begin PBXBuildFile section */
		23A39BDF19297EA100E5FAA5 /* Foundation.framework in Frameworks */ = {isa = PBXBuildFile; fileRef = 23A39BDE19297EA100E5FAA5 /* Foundation.framework */; };
		23A39BE119297EA100E5FAA5 /* CoreGraphics.framework in Frameworks */ = {isa = PBXBuildFile; fileRef = 23A39BE019297EA100E5FAA5 /* CoreGraphics.framework */; };
		23A39BE319297EA100E5FAA5 /* UIKit.framework in Frameworks */ = {isa = PBXBuildFile; fileRef = 23A39BE219297EA100E5FAA5 /* UIKit.framework */; };
		23A39BE919297EA100E5FAA5 /* InfoPlist.strings in Resources */ = {isa = PBXBuildFile; fileRef = 23A39BE719297EA100E5FAA5 /* InfoPlist.strings */; };
		23A39BEB19297EA100E5FAA5 /* main.m in Sources */ = {isa = PBXBuildFile; fileRef = 23A39BEA19297EA100E5FAA5 /* main.m */; };
		23A39BEF19297EA100E5FAA5 /* SFSAppDelegate.m in Sources */ = {isa = PBXBuildFile; fileRef = 23A39BEE19297EA100E5FAA5 /* SFSAppDelegate.m */; };
		23A39BF219297EA100E5FAA5 /* Main.storyboard in Resources */ = {isa = PBXBuildFile; fileRef = 23A39BF019297EA100E5FAA5 /* Main.storyboard */; };
		23A39BF519297EA100E5FAA5 /* SFSViewController.m in Sources */ = {isa = PBXBuildFile; fileRef = 23A39BF419297EA100E5FAA5 /* SFSViewController.m */; };
		23A39BF719297EA100E5FAA5 /* Images.xcassets in Resources */ = {isa = PBXBuildFile; fileRef = 23A39BF619297EA100E5FAA5 /* Images.xcassets */; };
		23A39BFE19297EA100E5FAA5 /* XCTest.framework in Frameworks */ = {isa = PBXBuildFile; fileRef = 23A39BFD19297EA100E5FAA5 /* XCTest.framework */; };
		23A39BFF19297EA100E5FAA5 /* Foundation.framework in Frameworks */ = {isa = PBXBuildFile; fileRef = 23A39BDE19297EA100E5FAA5 /* Foundation.framework */; };
		23A39C0019297EA100E5FAA5 /* UIKit.framework in Frameworks */ = {isa = PBXBuildFile; fileRef = 23A39BE219297EA100E5FAA5 /* UIKit.framework */; };
		23A39C0819297EA100E5FAA5 /* InfoPlist.strings in Resources */ = {isa = PBXBuildFile; fileRef = 23A39C0619297EA100E5FAA5 /* InfoPlist.strings */; };
		23A39C0A19297EA100E5FAA5 /* UITableViewController_Challenge_SolutionTests.m in Sources */ = {isa = PBXBuildFile; fileRef = 23A39C0919297EA100E5FAA5 /* UITableViewController_Challenge_SolutionTests.m */; };
/* End PBXBuildFile section */

/* Begin PBXContainerItemProxy section */
		23A39C0119297EA100E5FAA5 /* PBXContainerItemProxy */ = {
			isa = PBXContainerItemProxy;
			containerPortal = 23A39BD319297EA100E5FAA5 /* Project object */;
			proxyType = 1;
			remoteGlobalIDString = 23A39BDA19297EA100E5FAA5;
			remoteInfo = "UITableViewController Challenge Solution";
		};
/* End PBXContainerItemProxy section */

/* Begin PBXFileReference section */
		23A39BDB19297EA100E5FAA5 /* UITableViewController Challenge Solution.app */ = {isa = PBXFileReference; explicitFileType = wrapper.application; includeInIndex = 0; path = "UITableViewController Challenge Solution.app"; sourceTree = BUILT_PRODUCTS_DIR; };
		23A39BDE19297EA100E5FAA5 /* Foundation.framework */ = {isa = PBXFileReference; lastKnownFileType = wrapper.framework; name = Foundation.framework; path = System/Library/Frameworks/Foundation.framework; sourceTree = SDKROOT; };
		23A39BE019297EA100E5FAA5 /* CoreGraphics.framework */ = {isa = PBXFileReference; lastKnownFileType = wrapper.framework; name = CoreGraphics.framework; path = System/Library/Frameworks/CoreGraphics.framework; sourceTree = SDKROOT; };
		23A39BE219297EA100E5FAA5 /* UIKit.framework */ = {isa = PBXFileReference; lastKnownFileType = wrapper.framework; name = UIKit.framework; path = System/Library/Frameworks/UIKit.framework; sourceTree = SDKROOT; };
		23A39BE619297EA100E5FAA5 /* UITableViewController Challenge Solution-Info.plist */ = {isa = PBXFileReference; lastKnownFileType = text.plist.xml; path = "UITableViewController Challenge Solution-Info.plist"; sourceTree = "<group>"; };
		23A39BE819297EA100E5FAA5 /* en */ = {isa = PBXFileReference; lastKnownFileType = text.plist.strings; name = en; path = en.lproj/InfoPlist.strings; sourceTree = "<group>"; };
		23A39BEA19297EA100E5FAA5 /* main.m */ = {isa = PBXFileReference; lastKnownFileType = sourcecode.c.objc; path = main.m; sourceTree = "<group>"; };
		23A39BEC19297EA100E5FAA5 /* UITableViewController Challenge Solution-Prefix.pch */ = {isa = PBXFileReference; lastKnownFileType = sourcecode.c.h; path = "UITableViewController Challenge Solution-Prefix.pch"; sourceTree = "<group>"; };
		23A39BED19297EA100E5FAA5 /* SFSAppDelegate.h */ = {isa = PBXFileReference; lastKnownFileType = sourcecode.c.h; path = SFSAppDelegate.h; sourceTree = "<group>"; };
		23A39BEE19297EA100E5FAA5 /* SFSAppDelegate.m */ = {isa = PBXFileReference; lastKnownFileType = sourcecode.c.objc; path = SFSAppDelegate.m; sourceTree = "<group>"; };
		23A39BF119297EA100E5FAA5 /* Base */ = {isa = PBXFileReference; lastKnownFileType = file.storyboard; name = Base; path = Base.lproj/Main.storyboard; sourceTree = "<group>"; };
		23A39BF319297EA100E5FAA5 /* SFSViewController.h */ = {isa = PBXFileReference; lastKnownFileType = sourcecode.c.h; path = SFSViewController.h; sourceTree = "<group>"; };
		23A39BF419297EA100E5FAA5 /* SFSViewController.m */ = {isa = PBXFileReference; lastKnownFileType = sourcecode.c.objc; path = SFSViewController.m; sourceTree = "<group>"; };
		23A39BF619297EA100E5FAA5 /* Images.xcassets */ = {isa = PBXFileReference; lastKnownFileType = folder.assetcatalog; path = Images.xcassets; sourceTree = "<group>"; };
		23A39BFC19297EA100E5FAA5 /* UITableViewController Challenge SolutionTests.xctest */ = {isa = PBXFileReference; explicitFileType = wrapper.cfbundle; includeInIndex = 0; path = "UITableViewController Challenge SolutionTests.xctest"; sourceTree = BUILT_PRODUCTS_DIR; };
		23A39BFD19297EA100E5FAA5 /* XCTest.framework */ = {isa = PBXFileReference; lastKnownFileType = wrapper.framework; name = XCTest.framework; path = Library/Frameworks/XCTest.framework; sourceTree = DEVELOPER_DIR; };
		23A39C0519297EA100E5FAA5 /* UITableViewController Challenge SolutionTests-Info.plist */ = {isa = PBXFileReference; lastKnownFileType = text.plist.xml; path = "UITableViewController Challenge SolutionTests-Info.plist"; sourceTree = "<group>"; };
		23A39C0719297EA100E5FAA5 /* en */ = {isa = PBXFileReference; lastKnownFileType = text.plist.strings; name = en; path = en.lproj/InfoPlist.strings; sourceTree = "<group>"; };
		23A39C0919297EA100E5FAA5 /* UITableViewController_Challenge_SolutionTests.m */ = {isa = PBXFileReference; lastKnownFileType = sourcecode.c.objc; path = UITableViewController_Challenge_SolutionTests.m; sourceTree = "<group>"; };
/* End PBXFileReference section */

/* Begin PBXFrameworksBuildPhase section */
		23A39BD819297EA100E5FAA5 /* Frameworks */ = {
			isa = PBXFrameworksBuildPhase;
			buildActionMask = 2147483647;
			files = (
				23A39BE119297EA100E5FAA5 /* CoreGraphics.framework in Frameworks */,
				23A39BE319297EA100E5FAA5 /* UIKit.framework in Frameworks */,
				23A39BDF19297EA100E5FAA5 /* Foundation.framework in Frameworks */,
			);
			runOnlyForDeploymentPostprocessing = 0;
		};
		23A39BF919297EA100E5FAA5 /* Frameworks */ = {
			isa = PBXFrameworksBuildPhase;
			buildActionMask = 2147483647;
			files = (
				23A39BFE19297EA100E5FAA5 /* XCTest.framework in Frameworks */,
				23A39C0019297EA100E5FAA5 /* UIKit.framework in Frameworks */,
				23A39BFF19297EA100E5FAA5 /* Foundation.framework in Frameworks */,
			);
			runOnlyForDeploymentPostprocessing = 0;
		};
/* End PBXFrameworksBuildPhase section */

/* Begin PBXGroup section */
		23A39BD219297EA100E5FAA5 = {
			isa = PBXGroup;
			children = (
				23A39BE419297EA100E5FAA5 /* UITableViewController Challenge Solution */,
				23A39C0319297EA100E5FAA5 /* UITableViewController Challenge SolutionTests */,
				23A39BDD19297EA100E5FAA5 /* Frameworks */,
				23A39BDC19297EA100E5FAA5 /* Products */,
			);
			sourceTree = "<group>";
		};
		23A39BDC19297EA100E5FAA5 /* Products */ = {
			isa = PBXGroup;
			children = (
				23A39BDB19297EA100E5FAA5 /* UITableViewController Challenge Solution.app */,
				23A39BFC19297EA100E5FAA5 /* UITableViewController Challenge SolutionTests.xctest */,
			);
			name = Products;
			sourceTree = "<group>";
		};
		23A39BDD19297EA100E5FAA5 /* Frameworks */ = {
			isa = PBXGroup;
			children = (
				23A39BDE19297EA100E5FAA5 /* Foundation.framework */,
				23A39BE019297EA100E5FAA5 /* CoreGraphics.framework */,
				23A39BE219297EA100E5FAA5 /* UIKit.framework */,
				23A39BFD19297EA100E5FAA5 /* XCTest.framework */,
			);
			name = Frameworks;
			sourceTree = "<group>";
		};
		23A39BE419297EA100E5FAA5 /* UITableViewController Challenge Solution */ = {
			isa = PBXGroup;
			children = (
				23A39BED19297EA100E5FAA5 /* SFSAppDelegate.h */,
				23A39BEE19297EA100E5FAA5 /* SFSAppDelegate.m */,
				23A39BF019297EA100E5FAA5 /* Main.storyboard */,
				23A39BF319297EA100E5FAA5 /* SFSViewController.h */,
				23A39BF419297EA100E5FAA5 /* SFSViewController.m */,
				23A39BF619297EA100E5FAA5 /* Images.xcassets */,
				23A39BE519297EA100E5FAA5 /* Supporting Files */,
			);
			path = "UITableViewController Challenge Solution";
			sourceTree = "<group>";
		};
		23A39BE519297EA100E5FAA5 /* Supporting Files */ = {
			isa = PBXGroup;
			children = (
				23A39BE619297EA100E5FAA5 /* UITableViewController Challenge Solution-Info.plist */,
				23A39BE719297EA100E5FAA5 /* InfoPlist.strings */,
				23A39BEA19297EA100E5FAA5 /* main.m */,
				23A39BEC19297EA100E5FAA5 /* UITableViewController Challenge Solution-Prefix.pch */,
			);
			name = "Supporting Files";
			sourceTree = "<group>";
		};
		23A39C0319297EA100E5FAA5 /* UITableViewController Challenge SolutionTests */ = {
			isa = PBXGroup;
			children = (
				23A39C0919297EA100E5FAA5 /* UITableViewController_Challenge_SolutionTests.m */,
				23A39C0419297EA100E5FAA5 /* Supporting Files */,
			);
			path = "UITableViewController Challenge SolutionTests";
			sourceTree = "<group>";
		};
		23A39C0419297EA100E5FAA5 /* Supporting Files */ = {
			isa = PBXGroup;
			children = (
				23A39C0519297EA100E5FAA5 /* UITableViewController Challenge SolutionTests-Info.plist */,
				23A39C0619297EA100E5FAA5 /* InfoPlist.strings */,
			);
			name = "Supporting Files";
			sourceTree = "<group>";
		};
/* End PBXGroup section */

/* Begin PBXNativeTarget section */
		23A39BDA19297EA100E5FAA5 /* UITableViewController Challenge Solution */ = {
			isa = PBXNativeTarget;
			buildConfigurationList = 23A39C0D19297EA100E5FAA5 /* Build configuration list for PBXNativeTarget "UITableViewController Challenge Solution" */;
			buildPhases = (
				23A39BD719297EA100E5FAA5 /* Sources */,
				23A39BD819297EA100E5FAA5 /* Frameworks */,
				23A39BD919297EA100E5FAA5 /* Resources */,
			);
			buildRules = (
			);
			dependencies = (
			);
			name = "UITableViewController Challenge Solution";
			productName = "UITableViewController Challenge Solution";
			productReference = 23A39BDB19297EA100E5FAA5 /* UITableViewController Challenge Solution.app */;
			productType = "com.apple.product-type.application";
		};
		23A39BFB19297EA100E5FAA5 /* UITableViewController Challenge SolutionTests */ = {
			isa = PBXNativeTarget;
			buildConfigurationList = 23A39C1019297EA100E5FAA5 /* Build configuration list for PBXNativeTarget "UITableViewController Challenge SolutionTests" */;
			buildPhases = (
				23A39BF819297EA100E5FAA5 /* Sources */,
				23A39BF919297EA100E5FAA5 /* Frameworks */,
				23A39BFA19297EA100E5FAA5 /* Resources */,
			);
			buildRules = (
			);
			dependencies = (
				23A39C0219297EA100E5FAA5 /* PBXTargetDependency */,
			);
			name = "UITableViewController Challenge SolutionTests";
			productName = "UITableViewController Challenge SolutionTests";
			productReference = 23A39BFC19297EA100E5FAA5 /* UITableViewController Challenge SolutionTests.xctest */;
			productType = "com.apple.product-type.bundle.unit-test";
		};
/* End PBXNativeTarget section */

/* Begin PBXProject section */
		23A39BD319297EA100E5FAA5 /* Project object */ = {
			isa = PBXProject;
			attributes = {
				CLASSPREFIX = SFS;
				LastUpgradeCheck = 0510;
				ORGANIZATIONNAME = SFS;
				TargetAttributes = {
					23A39BFB19297EA100E5FAA5 = {
						TestTargetID = 23A39BDA19297EA100E5FAA5;
					};
				};
			};
			buildConfigurationList = 23A39BD619297EA100E5FAA5 /* Build configuration list for PBXProject "UITableViewController Challenge Solution" */;
			compatibilityVersion = "Xcode 3.2";
			developmentRegion = English;
			hasScannedForEncodings = 0;
			knownRegions = (
				en,
				Base,
			);
			mainGroup = 23A39BD219297EA100E5FAA5;
			productRefGroup = 23A39BDC19297EA100E5FAA5 /* Products */;
			projectDirPath = "";
			projectRoot = "";
			targets = (
				23A39BDA19297EA100E5FAA5 /* UITableViewController Challenge Solution */,
				23A39BFB19297EA100E5FAA5 /* UITableViewController Challenge SolutionTests */,
			);
		};
/* End PBXProject section */

/* Begin PBXResourcesBuildPhase section */
		23A39BD919297EA100E5FAA5 /* Resources */ = {
			isa = PBXResourcesBuildPhase;
			buildActionMask = 2147483647;
			files = (
				23A39BF719297EA100E5FAA5 /* Images.xcassets in Resources */,
				23A39BE919297EA100E5FAA5 /* InfoPlist.strings in Resources */,
				23A39BF219297EA100E5FAA5 /* Main.storyboard in Resources */,
			);
			runOnlyForDeploymentPostprocessing = 0;
		};
		23A39BFA19297EA100E5FAA5 /* Resources */ = {
			isa = PBXResourcesBuildPhase;
			buildActionMask = 2147483647;
			files = (
				23A39C0819297EA100E5FAA5 /* InfoPlist.strings in Resources */,
			);
			runOnlyForDeploymentPostprocessing = 0;
		};
/* End PBXResourcesBuildPhase section */

/* Begin PBXSourcesBuildPhase section */
		23A39BD719297EA100E5FAA5 /* Sources */ = {
			isa = PBXSourcesBuildPhase;
			buildActionMask = 2147483647;
			files = (
				23A39BEB19297EA100E5FAA5 /* main.m in Sources */,
				23A39BEF19297EA100E5FAA5 /* SFSAppDelegate.m in Sources */,
				23A39BF519297EA100E5FAA5 /* SFSViewController.m in Sources */,
			);
			runOnlyForDeploymentPostprocessing = 0;
		};
		23A39BF819297EA100E5FAA5 /* Sources */ = {
			isa = PBXSourcesBuildPhase;
			buildActionMask = 2147483647;
			files = (
				23A39C0A19297EA100E5FAA5 /* UITableViewController_Challenge_SolutionTests.m in Sources */,
			);
			runOnlyForDeploymentPostprocessing = 0;
		};
/* End PBXSourcesBuildPhase section */

/* Begin PBXTargetDependency section */
		23A39C0219297EA100E5FAA5 /* PBXTargetDependency */ = {
			isa = PBXTargetDependency;
			target = 23A39BDA19297EA100E5FAA5 /* UITableViewController Challenge Solution */;
			targetProxy = 23A39C0119297EA100E5FAA5 /* PBXContainerItemProxy */;
		};
/* End PBXTargetDependency section */

/* Begin PBXVariantGroup section */
		23A39BE719297EA100E5FAA5 /* InfoPlist.strings */ = {
			isa = PBXVariantGroup;
			children = (
				23A39BE819297EA100E5FAA5 /* en */,
			);
			name = InfoPlist.strings;
			sourceTree = "<group>";
		};
		23A39BF019297EA100E5FAA5 /* Main.storyboard */ = {
			isa = PBXVariantGroup;
			children = (
				23A39BF119297EA100E5FAA5 /* Base */,
			);
			name = Main.storyboard;
			sourceTree = "<group>";
		};
		23A39C0619297EA100E5FAA5 /* InfoPlist.strings */ = {
			isa = PBXVariantGroup;
			children = (
				23A39C0719297EA100E5FAA5 /* en */,
			);
			name = InfoPlist.strings;
			sourceTree = "<group>";
		};
/* End PBXVariantGroup section */

/* Begin XCBuildConfiguration section */
		23A39C0B19297EA100E5FAA5 /* Debug */ = {
			isa = XCBuildConfiguration;
			buildSettings = {
				ALWAYS_SEARCH_USER_PATHS = NO;
				CLANG_CXX_LANGUAGE_STANDARD = "gnu++0x";
				CLANG_CXX_LIBRARY = "libc++";
				CLANG_ENABLE_MODULES = YES;
				CLANG_ENABLE_OBJC_ARC = YES;
				CLANG_WARN_BOOL_CONVERSION = YES;
				CLANG_WARN_CONSTANT_CONVERSION = YES;
				CLANG_WARN_DIRECT_OBJC_ISA_USAGE = YES_ERROR;
				CLANG_WARN_EMPTY_BODY = YES;
				CLANG_WARN_ENUM_CONVERSION = YES;
				CLANG_WARN_INT_CONVERSION = YES;
				CLANG_WARN_OBJC_ROOT_CLASS = YES_ERROR;
				CLANG_WARN__DUPLICATE_METHOD_MATCH = YES;
				"CODE_SIGN_IDENTITY[sdk=iphoneos*]" = "iPhone Developer";
				COPY_PHASE_STRIP = NO;
				GCC_C_LANGUAGE_STANDARD = gnu99;
				GCC_DYNAMIC_NO_PIC = NO;
				GCC_OPTIMIZATION_LEVEL = 0;
				GCC_PREPROCESSOR_DEFINITIONS = (
					"DEBUG=1",
					"$(inherited)",
				);
				GCC_SYMBOLS_PRIVATE_EXTERN = NO;
				GCC_WARN_64_TO_32_BIT_CONVERSION = YES;
				GCC_WARN_ABOUT_RETURN_TYPE = YES_ERROR;
				GCC_WARN_UNDECLARED_SELECTOR = YES;
				GCC_WARN_UNINITIALIZED_AUTOS = YES_AGGRESSIVE;
				GCC_WARN_UNUSED_FUNCTION = YES;
				GCC_WARN_UNUSED_VARIABLE = YES;
				IPHONEOS_DEPLOYMENT_TARGET = 7.1;
				ONLY_ACTIVE_ARCH = YES;
				SDKROOT = iphoneos;
			};
			name = Debug;
		};
		23A39C0C19297EA100E5FAA5 /* Release */ = {
			isa = XCBuildConfiguration;
			buildSettings = {
				ALWAYS_SEARCH_USER_PATHS = NO;
				CLANG_CXX_LANGUAGE_STANDARD = "gnu++0x";
				CLANG_CXX_LIBRARY = "libc++";
				CLANG_ENABLE_MODULES = YES;
				CLANG_ENABLE_OBJC_ARC = YES;
				CLANG_WARN_BOOL_CONVERSION = YES;
				CLANG_WARN_CONSTANT_CONVERSION = YES;
				CLANG_WARN_DIRECT_OBJC_ISA_USAGE = YES_ERROR;
				CLANG_WARN_EMPTY_BODY = YES;
				CLANG_WARN_ENUM_CONVERSION = YES;
				CLANG_WARN_INT_CONVERSION = YES;
				CLANG_WARN_OBJC_ROOT_CLASS = YES_ERROR;
				CLANG_WARN__DUPLICATE_METHOD_MATCH = YES;
				"CODE_SIGN_IDENTITY[sdk=iphoneos*]" = "iPhone Developer";
				COPY_PHASE_STRIP = YES;
				ENABLE_NS_ASSERTIONS = NO;
				GCC_C_LANGUAGE_STANDARD = gnu99;
				GCC_WARN_64_TO_32_BIT_CONVERSION = YES;
				GCC_WARN_ABOUT_RETURN_TYPE = YES_ERROR;
				GCC_WARN_UNDECLARED_SELECTOR = YES;
				GCC_WARN_UNINITIALIZED_AUTOS = YES_AGGRESSIVE;
				GCC_WARN_UNUSED_FUNCTION = YES;
				GCC_WARN_UNUSED_VARIABLE = YES;
				IPHONEOS_DEPLOYMENT_TARGET = 7.1;
				SDKROOT = iphoneos;
				VALIDATE_PRODUCT = YES;
			};
			name = Release;
		};
		23A39C0E19297EA100E5FAA5 /* Debug */ = {
			isa = XCBuildConfiguration;
			buildSettings = {
				ASSETCATALOG_COMPILER_APPICON_NAME = AppIcon;
				ASSETCATALOG_COMPILER_LAUNCHIMAGE_NAME = LaunchImage;
				GCC_PRECOMPILE_PREFIX_HEADER = YES;
				GCC_PREFIX_HEADER = "UITableViewController Challenge Solution/UITableViewController Challenge Solution-Prefix.pch";
				INFOPLIST_FILE = "UITableViewController Challenge Solution/UITableViewController Challenge Solution-Info.plist";
				PRODUCT_NAME = "$(TARGET_NAME)";
				WRAPPER_EXTENSION = app;
			};
			name = Debug;
		};
		23A39C0F19297EA100E5FAA5 /* Release */ = {
			isa = XCBuildConfiguration;
			buildSettings = {
				ASSETCATALOG_COMPILER_APPICON_NAME = AppIcon;
				ASSETCATALOG_COMPILER_LAUNCHIMAGE_NAME = LaunchImage;
				GCC_PRECOMPILE_PREFIX_HEADER = YES;
				GCC_PREFIX_HEADER = "UITableViewController Challenge Solution/UITableViewController Challenge Solution-Prefix.pch";
				INFOPLIST_FILE = "UITableViewController Challenge Solution/UITableViewController Challenge Solution-Info.plist";
				PRODUCT_NAME = "$(TARGET_NAME)";
				WRAPPER_EXTENSION = app;
			};
			name = Release;
		};
		23A39C1119297EA100E5FAA5 /* Debug */ = {
			isa = XCBuildConfiguration;
			buildSettings = {
				BUNDLE_LOADER = "$(BUILT_PRODUCTS_DIR)/UITableViewController Challenge Solution.app/UITableViewController Challenge Solution";
				FRAMEWORK_SEARCH_PATHS = (
					"$(SDKROOT)/Developer/Library/Frameworks",
					"$(inherited)",
					"$(DEVELOPER_FRAMEWORKS_DIR)",
				);
				GCC_PRECOMPILE_PREFIX_HEADER = YES;
				GCC_PREFIX_HEADER = "UITableViewController Challenge Solution/UITableViewController Challenge Solution-Prefix.pch";
				GCC_PREPROCESSOR_DEFINITIONS = (
					"DEBUG=1",
					"$(inherited)",
				);
				INFOPLIST_FILE = "UITableViewController Challenge SolutionTests/UITableViewController Challenge SolutionTests-Info.plist";
				PRODUCT_NAME = "$(TARGET_NAME)";
				TEST_HOST = "$(BUNDLE_LOADER)";
				WRAPPER_EXTENSION = xctest;
			};
			name = Debug;
		};
		23A39C1219297EA100E5FAA5 /* Release */ = {
			isa = XCBuildConfiguration;
			buildSettings = {
				BUNDLE_LOADER = "$(BUILT_PRODUCTS_DIR)/UITableViewController Challenge Solution.app/UITableViewController Challenge Solution";
				FRAMEWORK_SEARCH_PATHS = (
					"$(SDKROOT)/Developer/Library/Frameworks",
					"$(inherited)",
					"$(DEVELOPER_FRAMEWORKS_DIR)",
				);
				GCC_PRECOMPILE_PREFIX_HEADER = YES;
				GCC_PREFIX_HEADER = "UITableViewController Challenge Solution/UITableViewController Challenge Solution-Prefix.pch";
				INFOPLIST_FILE = "UITableViewController Challenge SolutionTests/UITableViewController Challenge SolutionTests-Info.plist";
				PRODUCT_NAME = "$(TARGET_NAME)";
				TEST_HOST = "$(BUNDLE_LOADER)";
				WRAPPER_EXTENSION = xctest;
			};
			name = Release;
		};
/* End XCBuildConfiguration section */

/* Begin XCConfigurationList section */
		23A39BD619297EA100E5FAA5 /* Build configuration list for PBXProject "UITableViewController Challenge Solution" */ = {
			isa = XCConfigurationList;
			buildConfigurations = (
				23A39C0B19297EA100E5FAA5 /* Debug */,
				23A39C0C19297EA100E5FAA5 /* Release */,
			);
			defaultConfigurationIsVisible = 0;
			defaultConfigurationName = Release;
		};
		23A39C0D19297EA100E5FAA5 /* Build configuration list for PBXNativeTarget "UITableViewController Challenge Solution" */ = {
			isa = XCConfigurationList;
			buildConfigurations = (
				23A39C0E19297EA100E5FAA5 /* Debug */,
				23A39C0F19297EA100E5FAA5 /* Release */,
			);
			defaultConfigurationIsVisible = 0;
		};
		23A39C1019297EA100E5FAA5 /* Build configuration list for PBXNativeTarget "UITableViewController Challenge SolutionTests" */ = {
			isa = XCConfigurationList;
			buildConfigurations = (
				23A39C1119297EA100E5FAA5 /* Debug */,
				23A39C1219297EA100E5FAA5 /* Release */,
			);
			defaultConfigurationIsVisible = 0;
		};
/* End XCConfigurationList section */
	};
	rootObject = 23A39BD319297EA100E5FAA5 /* Project object */;
}
